{
  "version": 4,
  "terraform_version": "1.5.6",
  "serial": 195,
  "lineage": "7c42dda8-d398-8a26-b6d7-4953acc4e972",
  "outputs": {},
  "resources": [
    {
      "mode": "data",
      "type": "vkcs_images_image",
      "name": "ubuntu",
      "provider": "provider[\"registry.terraform.io/vk-cs/vkcs\"]",
      "instances": [
        {
          "schema_version": 0,
          "attributes": {
            "checksum": "854082f6cc9f264db2ae8568ea4185aa",
            "container_format": "bare",
            "created_at": "2024-04-22T09:47:24Z",
            "default": true,
            "disk_format": "qcow2",
            "file": "/v2/images/5357563e-ae89-4141-8127-018d2088f33d/file",
            "id": "5357563e-ae89-4141-8127-018d2088f33d",
            "member_status": null,
            "metadata": {},
            "min_disk_gb": 4,
            "min_ram_mb": 0,
            "most_recent": false,
            "name": "ubuntu-22-202404160933.gitd6495fe9",
            "owner": "432fd5d3387444b3b84a58d0a6df9eb9",
            "properties": {
              "mcs_os_distro": "ubuntu",
              "mcs_os_version": "22.04"
            },
            "protected": false,
            "region": "RegionOne",
            "schema": "/v2/schemas/image",
            "size_bytes": 683868160,
            "size_max": null,
            "size_min": null,
            "tag": null,
            "tags": [],
            "updated_at": "2024-04-22T09:47:47Z",
            "visibility": "public"
          },
          "sensitive_attributes": []
        }
      ]
    },
    {
      "mode": "data",
      "type": "vkcs_networking_network",
      "name": "extnet",
      "provider": "provider[\"registry.terraform.io/vk-cs/vkcs\"]",
      "instances": [
        {
          "schema_version": 0,
          "attributes": {
            "admin_state_up": "true",
            "all_tags": [
              "dm.semenov",
              "rivalsec123qwerty"
            ],
            "description": "",
            "external": true,
            "id": "298117ae-3fa4-4109-9e08-8be5602be5a2",
            "matching_subnet_cidr": null,
            "name": "ext-net",
            "network_id": null,
            "private_dns_domain": "openstacklocal.",
            "region": "RegionOne",
            "sdn": "neutron",
            "shared": "true",
            "status": null,
            "subnets": [
              "01009166-1de2-413d-995c-8c2272f1bc19",
              "0dbaf324-1c17-4c51-ab6f-817a2223a097",
              "13b6afaa-a0da-4ffb-8061-f7b28d318fdf",
              "191efdda-cd5a-4327-987d-1eb1b5b32b4d",
              "1e68063b-96e0-45bc-b010-579e9aabb485",
              "1ea7f321-4ed0-4ae7-a136-a0226b9c5969",
              "2267f99b-83a5-49b6-ba19-e0cbac642583",
              "389a5241-76e3-48b9-89f5-5b0a938cf8b3",
              "41d17c6b-d2cf-4bd2-8784-f8a846656c3b",
              "489f81ad-2a0c-449d-8aed-1876ddbd7840",
              "5a66e4b1-1676-444e-94cf-eb37ac80d464",
              "62a77e13-ccc0-44b7-8cac-0567163a8a3b",
              "7f876978-01fe-43ab-8c77-7e6e32cd28c4",
              "888682e5-abdd-4274-853f-b091115cce84",
              "8e0ea385-3662-4b18-a078-48b2bbf14423",
              "94640c6b-6298-40d0-8c71-6aab8716d48f",
              "9731d617-c480-4b69-93e3-3b18e4640e9b",
              "9ec13002-fb52-4e00-ac69-84d86a75d807",
              "aa2689f9-a208-4bf2-bed0-c20dab001467",
              "b1911f6b-9185-45fd-a0c2-424b0c9155ce",
              "b2298251-6be3-444b-b213-59c66e25346b",
              "b5502dbd-18c7-4f44-857a-5819265bbbdc",
              "be8539d5-eeff-4eaa-8048-9f7c3dbc8804",
              "be9cabcf-c5f8-4e88-9e27-c5ba80f4a638",
              "c4f89da6-529f-4a08-9df1-6b95842a07b9",
              "c6fafdba-deb7-4ad0-83fd-ec893dedfb69",
              "cbd9c937-5339-42df-b0a7-edfb2ccfee59",
              "d10ef821-cba1-476c-bcfd-582632939e80",
              "d5f70b09-6d49-445b-99f1-184d366decf6",
              "ec5d4a62-5039-460c-833f-7084a19794d2"
            ],
            "tags": null,
            "tenant_id": "c9fe9505fdde4de680679748c7cfee7e",
            "vkcs_services_access": false
          },
          "sensitive_attributes": []
        }
      ]
    },
    {
      "mode": "data",
      "type": "vkcs_networking_secgroup",
      "name": "all",
      "provider": "provider[\"registry.terraform.io/vk-cs/vkcs\"]",
      "instances": [
        {
          "schema_version": 0,
          "attributes": {
            "all_tags": [],
            "description": "",
            "id": "dfae29b0-e35d-4328-82fe-28944a34497b",
            "name": "all",
            "region": "RegionOne",
            "sdn": "neutron",
            "secgroup_id": null,
            "tags": null,
            "tenant_id": "5f44bfcdee6045249c9c839d1052077b"
          },
          "sensitive_attributes": []
        }
      ]
    },
    {
      "mode": "data",
      "type": "vkcs_networking_secgroup",
      "name": "default",
      "provider": "provider[\"registry.terraform.io/vk-cs/vkcs\"]",
      "instances": [
        {
          "schema_version": 0,
          "attributes": {
            "all_tags": [],
            "description": "Default security group",
            "id": "2e2e2dea-3d0e-43c4-8b46-175799099cfe",
            "name": "default",
            "region": "RegionOne",
            "sdn": "neutron",
            "secgroup_id": null,
            "tags": null,
            "tenant_id": "5f44bfcdee6045249c9c839d1052077b"
          },
          "sensitive_attributes": []
        }
      ]
    },
    {
      "mode": "managed",
      "type": "vkcs_compute_instance",
      "name": "webinar-check-vpn-vm",
      "provider": "provider[\"registry.terraform.io/vk-cs/vkcs\"]",
      "instances": [
        {
          "schema_version": 0,
          "attributes": {
            "access_ip_v4": "10.20.0.16",
            "admin_pass": null,
            "all_metadata": {},
            "all_tags": [],
            "availability_zone": "ME1",
            "block_device": [
              {
                "boot_index": 0,
                "delete_on_termination": true,
                "destination_type": "volume",
                "device_type": "",
                "disk_bus": "",
                "guest_format": "",
                "source_type": "image",
                "uuid": "5357563e-ae89-4141-8127-018d2088f33d",
                "volume_size": 14,
                "volume_type": ""
              }
            ],
            "config_drive": null,
            "flavor_id": "25ae869c-be29-4840-8e12-99e046d2dbd4",
            "flavor_name": "Basic-1-2-20",
            "force_delete": false,
            "id": "f1c6ee32-3506-4ca6-b1e9-f9956aca7b60",
            "image_id": "Attempt to boot from volume - no image supplied",
            "image_name": null,
            "key_pair": "",
            "metadata": null,
            "name": "webinar-check-vpn-vm",
            "network": [
              {
                "access_network": false,
                "fixed_ip_v4": "10.20.0.16",
                "mac": "fa:16:3e:9e:5c:80",
                "name": "webinar-vpn-network",
                "port": "",
                "uuid": "94fb3751-0edc-4dd8-a83c-a0404cd521e0"
              }
            ],
            "network_mode": null,
            "personality": [],
            "power_state": "active",
            "region": "RegionOne",
            "scheduler_hints": [],
            "security_group_ids": [
              "2e2e2dea-3d0e-43c4-8b46-175799099cfe",
              "dfae29b0-e35d-4328-82fe-28944a34497b"
            ],
            "security_groups": [
              "all",
              "default"
            ],
            "stop_before_destroy": false,
            "tags": null,
            "timeouts": null,
            "user_data": null,
            "vendor_options": []
          },
          "sensitive_attributes": [],
          "private": "eyJlMmJmYjczMC1lY2FhLTExZTYtOGY4OC0zNDM2M2JjN2M0YzAiOnsiY3JlYXRlIjoxODAwMDAwMDAwMDAwLCJkZWxldGUiOjE4MDAwMDAwMDAwMDAsInVwZGF0ZSI6MTgwMDAwMDAwMDAwMH19",
          "dependencies": [
            "data.vkcs_images_image.ubuntu",
            "data.vkcs_networking_secgroup.all",
            "data.vkcs_networking_secgroup.default",
            "vkcs_networking_network.webinar-vpn-network",
            "vkcs_networking_router_interface.webinar-vpnnet-router-interface"
          ]
        }
      ]
    },
    {
      "mode": "managed",
      "type": "vkcs_compute_instance",
      "name": "webinar-nginx-server-vm",
      "provider": "provider[\"registry.terraform.io/vk-cs/vkcs\"]",
      "instances": [
        {
          "index_key": 0,
          "schema_version": 0,
          "attributes": {
            "access_ip_v4": "10.70.70.14",
            "admin_pass": null,
            "all_metadata": {},
            "all_tags": [],
            "availability_zone": "ME1",
            "block_device": [
              {
                "boot_index": 0,
                "delete_on_termination": true,
                "destination_type": "volume",
                "device_type": "",
                "disk_bus": "",
                "guest_format": "",
                "source_type": "image",
                "uuid": "5357563e-ae89-4141-8127-018d2088f33d",
                "volume_size": 14,
                "volume_type": ""
              }
            ],
            "config_drive": null,
            "flavor_id": "25ae869c-be29-4840-8e12-99e046d2dbd4",
            "flavor_name": "Basic-1-2-20",
            "force_delete": false,
            "id": "6632a56f-4d00-42e6-90bb-d59a912166bb",
            "image_id": "Attempt to boot from volume - no image supplied",
            "image_name": null,
            "key_pair": "",
            "metadata": null,
            "name": "webinar-nginx-server-vm-0",
            "network": [
              {
                "access_network": false,
                "fixed_ip_v4": "10.70.70.14",
                "mac": "fa:16:3e:54:07:16",
                "name": "webinar-loadbalancer-network",
                "port": "",
                "uuid": "2d877c29-8586-40d2-b4af-f8350e614fb6"
              }
            ],
            "network_mode": null,
            "personality": [],
            "power_state": "active",
            "region": "RegionOne",
            "scheduler_hints": [],
            "security_group_ids": [
              "2e2e2dea-3d0e-43c4-8b46-175799099cfe",
              "71650c9a-83cd-4c03-a30d-b74bd46a4a10"
            ],
            "security_groups": [
              "default",
              "webinar-secgroup-http"
            ],
            "stop_before_destroy": false,
            "tags": null,
            "timeouts": null,
            "user_data": null,
            "vendor_options": []
          },
          "sensitive_attributes": [],
          "private": "eyJlMmJmYjczMC1lY2FhLTExZTYtOGY4OC0zNDM2M2JjN2M0YzAiOnsiY3JlYXRlIjoxODAwMDAwMDAwMDAwLCJkZWxldGUiOjE4MDAwMDAwMDAwMDAsInVwZGF0ZSI6MTgwMDAwMDAwMDAwMH19",
          "dependencies": [
            "data.vkcs_images_image.ubuntu",
            "data.vkcs_networking_secgroup.default",
            "vkcs_networking_network.webinar-loadbalancer-network",
            "vkcs_networking_router_interface.webinar-vpnnet-router-interface",
            "vkcs_networking_secgroup.webinar-secgroup-http"
          ]
        },
        {
          "index_key": 1,
          "schema_version": 0,
          "attributes": {
            "access_ip_v4": "10.70.70.24",
            "admin_pass": null,
            "all_metadata": {},
            "all_tags": [],
            "availability_zone": "ME1",
            "block_device": [
              {
                "boot_index": 0,
                "delete_on_termination": true,
                "destination_type": "volume",
                "device_type": "",
                "disk_bus": "",
                "guest_format": "",
                "source_type": "image",
                "uuid": "5357563e-ae89-4141-8127-018d2088f33d",
                "volume_size": 14,
                "volume_type": ""
              }
            ],
            "config_drive": null,
            "flavor_id": "25ae869c-be29-4840-8e12-99e046d2dbd4",
            "flavor_name": "Basic-1-2-20",
            "force_delete": false,
            "id": "523d86cc-0fbf-429e-8b6f-22b7801c61c5",
            "image_id": "Attempt to boot from volume - no image supplied",
            "image_name": null,
            "key_pair": "",
            "metadata": null,
            "name": "webinar-nginx-server-vm-1",
            "network": [
              {
                "access_network": false,
                "fixed_ip_v4": "10.70.70.24",
                "mac": "fa:16:3e:21:73:04",
                "name": "webinar-loadbalancer-network",
                "port": "",
                "uuid": "2d877c29-8586-40d2-b4af-f8350e614fb6"
              }
            ],
            "network_mode": null,
            "personality": [],
            "power_state": "active",
            "region": "RegionOne",
            "scheduler_hints": [],
            "security_group_ids": [
              "2e2e2dea-3d0e-43c4-8b46-175799099cfe",
              "71650c9a-83cd-4c03-a30d-b74bd46a4a10"
            ],
            "security_groups": [
              "default",
              "webinar-secgroup-http"
            ],
            "stop_before_destroy": false,
            "tags": null,
            "timeouts": null,
            "user_data": null,
            "vendor_options": []
          },
          "sensitive_attributes": [],
          "private": "eyJlMmJmYjczMC1lY2FhLTExZTYtOGY4OC0zNDM2M2JjN2M0YzAiOnsiY3JlYXRlIjoxODAwMDAwMDAwMDAwLCJkZWxldGUiOjE4MDAwMDAwMDAwMDAsInVwZGF0ZSI6MTgwMDAwMDAwMDAwMH19",
          "dependencies": [
            "data.vkcs_images_image.ubuntu",
            "data.vkcs_networking_secgroup.default",
            "vkcs_networking_network.webinar-loadbalancer-network",
            "vkcs_networking_router_interface.webinar-vpnnet-router-interface",
            "vkcs_networking_secgroup.webinar-secgroup-http"
          ]
        }
      ]
    },
    {
      "mode": "managed",
      "type": "vkcs_lb_listener",
      "name": "webinar-loadbalancer-http-listener",
      "provider": "provider[\"registry.terraform.io/vk-cs/vkcs\"]",
      "instances": [
        {
          "schema_version": 0,
          "attributes": {
            "admin_state_up": true,
            "allowed_cidrs": [],
            "connection_limit": -1,
            "default_pool_id": "8fd4c2c1-3eda-4ae0-b465-2465257a6784",
            "default_tls_container_ref": "",
            "description": "Listener for resources/datasources testing",
            "id": "bce2edf2-dc40-436e-9139-59dd71b4ba33",
            "insert_headers": {},
            "loadbalancer_id": "abeb7f10-ebc3-4cea-bc65-355c0d459a0f",
            "name": "webinar-loadbalancer-http-listener",
            "protocol": "HTTP",
            "protocol_port": 80,
            "region": "RegionOne",
            "sni_container_refs": [],
            "timeout_client_data": 50000,
            "timeout_member_connect": 5000,
            "timeout_member_data": 50000,
            "timeout_tcp_inspect": 0,
            "timeouts": null
          },
          "sensitive_attributes": [],
          "private": "eyJlMmJmYjczMC1lY2FhLTExZTYtOGY4OC0zNDM2M2JjN2M0YzAiOnsiY3JlYXRlIjo2MDAwMDAwMDAwMDAsImRlbGV0ZSI6NjAwMDAwMDAwMDAwLCJ1cGRhdGUiOjYwMDAwMDAwMDAwMH19",
          "dependencies": [
            "vkcs_lb_loadbalancer.webinar-loadbalancer",
            "vkcs_networking_network.webinar-loadbalancer-network",
            "vkcs_networking_subnet.webinar-loadbalancer-subnet"
          ]
        }
      ]
    },
    {
      "mode": "managed",
      "type": "vkcs_lb_loadbalancer",
      "name": "webinar-loadbalancer",
      "provider": "provider[\"registry.terraform.io/vk-cs/vkcs\"]",
      "instances": [
        {
          "schema_version": 0,
          "attributes": {
            "admin_state_up": true,
            "availability_zone": "",
            "description": "balancer for testing copying neutron to sprut",
            "id": "abeb7f10-ebc3-4cea-bc65-355c0d459a0f",
            "name": "webinar-loadbalancer",
            "region": "RegionOne",
            "security_group_ids": [],
            "tags": [],
            "timeouts": null,
            "vip_address": "10.70.70.11",
            "vip_network_id": "2d877c29-8586-40d2-b4af-f8350e614fb6",
            "vip_port_id": "9b8db139-117b-482d-8f73-4619a65b586f",
            "vip_subnet_id": "c7e0f9f5-b62b-4fb4-8b8d-7f40fad03208"
          },
          "sensitive_attributes": [],
          "private": "eyJlMmJmYjczMC1lY2FhLTExZTYtOGY4OC0zNDM2M2JjN2M0YzAiOnsiY3JlYXRlIjo2MDAwMDAwMDAwMDAsImRlbGV0ZSI6MzAwMDAwMDAwMDAwLCJ1cGRhdGUiOjYwMDAwMDAwMDAwMH19",
          "dependencies": [
            "vkcs_networking_network.webinar-loadbalancer-network",
            "vkcs_networking_subnet.webinar-loadbalancer-subnet"
          ]
        }
      ]
    },
    {
      "mode": "managed",
      "type": "vkcs_lb_members",
      "name": "webinar-nginx-members",
      "provider": "provider[\"registry.terraform.io/vk-cs/vkcs\"]",
      "instances": [
        {
          "schema_version": 0,
          "attributes": {
            "id": "8fd4c2c1-3eda-4ae0-b465-2465257a6784",
            "member": [
              {
                "address": "10.70.70.14",
                "admin_state_up": true,
                "backup": false,
                "id": "9e42b903-bc12-43ee-ad39-5a9fb864714a",
                "name": "",
                "protocol_port": 80,
                "subnet_id": "",
                "weight": 1
              },
              {
                "address": "10.70.70.24",
                "admin_state_up": true,
                "backup": false,
                "id": "3f148d88-014a-4f43-9cda-eb51cb96ed79",
                "name": "",
                "protocol_port": 80,
                "subnet_id": "",
                "weight": 1
              }
            ],
            "pool_id": "8fd4c2c1-3eda-4ae0-b465-2465257a6784",
            "region": "RegionOne",
            "timeouts": null
          },
          "sensitive_attributes": [],
          "private": "eyJlMmJmYjczMC1lY2FhLTExZTYtOGY4OC0zNDM2M2JjN2M0YzAiOnsiY3JlYXRlIjo2MDAwMDAwMDAwMDAsImRlbGV0ZSI6NjAwMDAwMDAwMDAwLCJ1cGRhdGUiOjYwMDAwMDAwMDAwMH19",
          "dependencies": [
            "data.vkcs_images_image.ubuntu",
            "data.vkcs_networking_secgroup.default",
            "vkcs_compute_instance.webinar-nginx-server-vm",
            "vkcs_lb_pool.webinar-loadbalancer-http-pool",
            "vkcs_networking_network.webinar-loadbalancer-network",
            "vkcs_networking_router_interface.webinar-vpnnet-router-interface",
            "vkcs_networking_secgroup.webinar-secgroup-http"
          ]
        }
      ]
    },
    {
      "mode": "managed",
      "type": "vkcs_lb_monitor",
      "name": "webinar-loadbalancer-healthchecker",
      "provider": "provider[\"registry.terraform.io/vk-cs/vkcs\"]",
      "instances": [
        {
          "schema_version": 0,
          "attributes": {
            "admin_state_up": true,
            "delay": 20,
            "expected_codes": "200",
            "http_method": "GET",
            "id": "7fae62f5-ba67-41b8-ab69-e110384a3062",
            "max_retries": 5,
            "max_retries_down": 3,
            "name": "webinar-loadbalancer-healthchecker",
            "pool_id": "8fd4c2c1-3eda-4ae0-b465-2465257a6784",
            "region": "RegionOne",
            "timeout": 10,
            "timeouts": null,
            "type": "HTTP",
            "url_path": "/"
          },
          "sensitive_attributes": [],
          "private": "eyJlMmJmYjczMC1lY2FhLTExZTYtOGY4OC0zNDM2M2JjN2M0YzAiOnsiY3JlYXRlIjo2MDAwMDAwMDAwMDAsImRlbGV0ZSI6NjAwMDAwMDAwMDAwLCJ1cGRhdGUiOjYwMDAwMDAwMDAwMH19",
          "dependencies": [
            "vkcs_lb_listener.webinar-loadbalancer-http-listener",
            "vkcs_lb_loadbalancer.webinar-loadbalancer",
            "vkcs_lb_pool.webinar-loadbalancer-http-pool",
            "vkcs_networking_network.webinar-loadbalancer-network",
            "vkcs_networking_subnet.webinar-loadbalancer-subnet"
          ]
        }
      ]
    },
    {
      "mode": "managed",
      "type": "vkcs_lb_pool",
      "name": "webinar-loadbalancer-http-pool",
      "provider": "provider[\"registry.terraform.io/vk-cs/vkcs\"]",
      "instances": [
        {
          "schema_version": 0,
          "attributes": {
            "admin_state_up": true,
            "description": "Pool for http member/members testing",
            "id": "8fd4c2c1-3eda-4ae0-b465-2465257a6784",
            "lb_method": "ROUND_ROBIN",
            "listener_id": "bce2edf2-dc40-436e-9139-59dd71b4ba33",
            "loadbalancer_id": null,
            "name": "webinar-loadbalancer-http-pool",
            "persistence": [
              {
                "cookie_name": "",
                "type": ""
              }
            ],
            "protocol": "HTTP",
            "region": "RegionOne",
            "timeouts": null
          },
          "sensitive_attributes": [],
          "private": "eyJlMmJmYjczMC1lY2FhLTExZTYtOGY4OC0zNDM2M2JjN2M0YzAiOnsiY3JlYXRlIjo2MDAwMDAwMDAwMDAsImRlbGV0ZSI6NjAwMDAwMDAwMDAwLCJ1cGRhdGUiOjYwMDAwMDAwMDAwMH19",
          "dependencies": [
            "vkcs_lb_listener.webinar-loadbalancer-http-listener",
            "vkcs_lb_loadbalancer.webinar-loadbalancer",
            "vkcs_networking_network.webinar-loadbalancer-network",
            "vkcs_networking_subnet.webinar-loadbalancer-subnet"
          ]
        }
      ]
    },
    {
      "mode": "managed",
      "type": "vkcs_networking_floatingip",
      "name": "associated_fip",
      "provider": "provider[\"registry.terraform.io/vk-cs/vkcs\"]",
      "instances": [
        {
          "schema_version": 0,
          "attributes": {
            "address": "94.139.247.40",
            "description": "",
            "fixed_ip": "10.70.70.11",
            "id": "6c4d0028-2762-4c02-8856-239794404c7d",
            "pool": "ext-net",
            "port_id": "9b8db139-117b-482d-8f73-4619a65b586f",
            "region": "RegionOne",
            "sdn": "neutron",
            "subnet_id": null,
            "subnet_ids": null,
            "timeouts": null,
            "value_specs": null
          },
          "sensitive_attributes": [],
          "private": "eyJlMmJmYjczMC1lY2FhLTExZTYtOGY4OC0zNDM2M2JjN2M0YzAiOnsiY3JlYXRlIjo2MDAwMDAwMDAwMDAsImRlbGV0ZSI6NjAwMDAwMDAwMDAwfX0=",
          "dependencies": [
            "vkcs_lb_loadbalancer.webinar-loadbalancer",
            "vkcs_networking_network.webinar-loadbalancer-network",
            "vkcs_networking_subnet.webinar-loadbalancer-subnet"
          ]
        }
      ]
    },
    {
      "mode": "managed",
      "type": "vkcs_networking_network",
      "name": "webinar-loadbalancer-network",
      "provider": "provider[\"registry.terraform.io/vk-cs/vkcs\"]",
      "instances": [
        {
          "schema_version": 0,
          "attributes": {
            "admin_state_up": true,
            "all_tags": [],
            "description": "webinar example network",
            "id": "2d877c29-8586-40d2-b4af-f8350e614fb6",
            "name": "webinar-loadbalancer-network",
            "port_security_enabled": true,
            "private_dns_domain": "mcs.local.",
            "region": "RegionOne",
            "sdn": "neutron",
            "tags": [],
            "timeouts": null,
            "value_specs": null,
            "vkcs_services_access": false
          },
          "sensitive_attributes": [],
          "private": "eyJlMmJmYjczMC1lY2FhLTExZTYtOGY4OC0zNDM2M2JjN2M0YzAiOnsiY3JlYXRlIjo2MDAwMDAwMDAwMDAsImRlbGV0ZSI6NjAwMDAwMDAwMDAwfX0="
        }
      ]
    },
    {
      "mode": "managed",
      "type": "vkcs_networking_network",
      "name": "webinar-vpn-network",
      "provider": "provider[\"registry.terraform.io/vk-cs/vkcs\"]",
      "instances": [
        {
          "schema_version": 0,
          "attributes": {
            "admin_state_up": true,
            "all_tags": [],
            "description": "webinar vpn example network",
            "id": "94fb3751-0edc-4dd8-a83c-a0404cd521e0",
            "name": "webinar-vpn-network",
            "port_security_enabled": true,
            "private_dns_domain": "mcs.local.",
            "region": "RegionOne",
            "sdn": "neutron",
            "tags": [],
            "timeouts": null,
            "value_specs": null,
            "vkcs_services_access": false
          },
          "sensitive_attributes": [],
          "private": "eyJlMmJmYjczMC1lY2FhLTExZTYtOGY4OC0zNDM2M2JjN2M0YzAiOnsiY3JlYXRlIjo2MDAwMDAwMDAwMDAsImRlbGV0ZSI6NjAwMDAwMDAwMDAwfX0="
        }
      ]
    },
    {
      "mode": "managed",
      "type": "vkcs_networking_router",
      "name": "webinar-router",
      "provider": "provider[\"registry.terraform.io/vk-cs/vkcs\"]",
      "instances": [
        {
          "schema_version": 0,
          "attributes": {
            "admin_state_up": true,
            "all_tags": [
              "webinar"
            ],
            "description": "",
            "external_fixed_ips": [
              {
                "ip_address": "89.208.222.194",
                "subnet_id": "1e68063b-96e0-45bc-b010-579e9aabb485"
              }
            ],
            "external_network_id": "298117ae-3fa4-4109-9e08-8be5602be5a2",
            "id": "060ab132-78bf-4589-a9f3-c6e8d54f351b",
            "name": "webinar-router",
            "region": "RegionOne",
            "sdn": "neutron",
            "tags": [
              "webinar"
            ],
            "timeouts": null,
            "value_specs": null,
            "vendor_options": []
          },
          "sensitive_attributes": [],
          "private": "eyJlMmJmYjczMC1lY2FhLTExZTYtOGY4OC0zNDM2M2JjN2M0YzAiOnsiY3JlYXRlIjo2MDAwMDAwMDAwMDAsImRlbGV0ZSI6NjAwMDAwMDAwMDAwfX0=",
          "dependencies": [
            "data.vkcs_networking_network.extnet"
          ]
        }
      ]
    },
    {
      "mode": "managed",
      "type": "vkcs_networking_router_interface",
      "name": "webinar-lbnet-router-interface",
      "provider": "provider[\"registry.terraform.io/vk-cs/vkcs\"]",
      "instances": [
        {
          "schema_version": 0,
          "attributes": {
            "id": "9c46726c-dd38-4939-92a4-7b1fbaf5b30b",
            "port_id": "9c46726c-dd38-4939-92a4-7b1fbaf5b30b",
            "region": "RegionOne",
            "router_id": "060ab132-78bf-4589-a9f3-c6e8d54f351b",
            "sdn": "neutron",
            "subnet_id": "c7e0f9f5-b62b-4fb4-8b8d-7f40fad03208",
            "timeouts": null
          },
          "sensitive_attributes": [],
          "private": "eyJlMmJmYjczMC1lY2FhLTExZTYtOGY4OC0zNDM2M2JjN2M0YzAiOnsiY3JlYXRlIjo2MDAwMDAwMDAwMDAsImRlbGV0ZSI6NjAwMDAwMDAwMDAwfX0=",
          "dependencies": [
            "data.vkcs_networking_network.extnet",
            "vkcs_networking_network.webinar-loadbalancer-network",
            "vkcs_networking_router.webinar-router",
            "vkcs_networking_subnet.webinar-loadbalancer-subnet"
          ]
        }
      ]
    },
    {
      "mode": "managed",
      "type": "vkcs_networking_router_interface",
      "name": "webinar-vpnnet-router-interface",
      "provider": "provider[\"registry.terraform.io/vk-cs/vkcs\"]",
      "instances": [
        {
          "schema_version": 0,
          "attributes": {
            "id": "2c82580a-1029-434f-b9d3-43dc8947acec",
            "port_id": "2c82580a-1029-434f-b9d3-43dc8947acec",
            "region": "RegionOne",
            "router_id": "060ab132-78bf-4589-a9f3-c6e8d54f351b",
            "sdn": "neutron",
            "subnet_id": "2fb48f63-2c0a-4dd8-94e7-b13be0d30f35",
            "timeouts": null
          },
          "sensitive_attributes": [],
          "private": "eyJlMmJmYjczMC1lY2FhLTExZTYtOGY4OC0zNDM2M2JjN2M0YzAiOnsiY3JlYXRlIjo2MDAwMDAwMDAwMDAsImRlbGV0ZSI6NjAwMDAwMDAwMDAwfX0=",
          "dependencies": [
            "data.vkcs_networking_network.extnet",
            "vkcs_networking_network.webinar-vpn-network",
            "vkcs_networking_router.webinar-router",
            "vkcs_networking_subnet.webinar-vpn-subnet"
          ]
        }
      ]
    },
    {
      "mode": "managed",
      "type": "vkcs_networking_secgroup",
      "name": "webinar-secgroup-http",
      "provider": "provider[\"registry.terraform.io/vk-cs/vkcs\"]",
      "instances": [
        {
          "schema_version": 0,
          "attributes": {
            "all_tags": [],
            "delete_default_rules": null,
            "description": "secgroup from webinar example",
            "id": "71650c9a-83cd-4c03-a30d-b74bd46a4a10",
            "name": "webinar-secgroup-http",
            "region": "RegionOne",
            "sdn": "neutron",
            "tags": [],
            "timeouts": null
          },
          "sensitive_attributes": [],
          "private": "eyJlMmJmYjczMC1lY2FhLTExZTYtOGY4OC0zNDM2M2JjN2M0YzAiOnsiZGVsZXRlIjo2MDAwMDAwMDAwMDB9fQ=="
        }
      ]
    },
    {
      "mode": "managed",
      "type": "vkcs_networking_secgroup_rule",
      "name": "webinar-secgroup-rule",
      "provider": "provider[\"registry.terraform.io/vk-cs/vkcs\"]",
      "instances": [
        {
          "schema_version": 0,
          "attributes": {
            "description": "",
            "direction": "ingress",
            "ethertype": "IPv4",
            "id": "908e037f-9ed1-46e7-ad27-eaf2f3c339d4",
            "port_range_max": 2379,
            "port_range_min": 80,
            "protocol": "tcp",
            "region": "RegionOne",
            "remote_group_id": "",
            "remote_ip_prefix": "",
            "sdn": "neutron",
            "security_group_id": "71650c9a-83cd-4c03-a30d-b74bd46a4a10",
            "timeouts": null
          },
          "sensitive_attributes": [],
          "private": "eyJlMmJmYjczMC1lY2FhLTExZTYtOGY4OC0zNDM2M2JjN2M0YzAiOnsiZGVsZXRlIjo2MDAwMDAwMDAwMDB9fQ==",
          "dependencies": [
            "vkcs_networking_secgroup.webinar-secgroup-http"
          ]
        }
      ]
    },
    {
      "mode": "managed",
      "type": "vkcs_networking_subnet",
      "name": "webinar-loadbalancer-subnet",
      "provider": "provider[\"registry.terraform.io/vk-cs/vkcs\"]",
      "instances": [
        {
          "schema_version": 0,
          "attributes": {
            "all_tags": [],
            "allocation_pool": [
              {
                "end": "10.70.70.254",
                "start": "10.70.70.2"
              }
            ],
            "cidr": "10.70.70.0/24",
            "description": "",
            "dns_nameservers": [],
            "enable_dhcp": true,
            "gateway_ip": "10.70.70.1",
            "id": "c7e0f9f5-b62b-4fb4-8b8d-7f40fad03208",
            "name": "webinar-loadbalancer-subnet",
            "network_id": "2d877c29-8586-40d2-b4af-f8350e614fb6",
            "no_gateway": false,
            "prefix_length": null,
            "region": "RegionOne",
            "sdn": "neutron",
            "subnetpool_id": "",
            "tags": [],
            "timeouts": null,
            "value_specs": null
          },
          "sensitive_attributes": [],
          "private": "eyJlMmJmYjczMC1lY2FhLTExZTYtOGY4OC0zNDM2M2JjN2M0YzAiOnsiY3JlYXRlIjo2MDAwMDAwMDAwMDAsImRlbGV0ZSI6NjAwMDAwMDAwMDAwfX0=",
          "dependencies": [
            "vkcs_networking_network.webinar-loadbalancer-network"
          ]
        }
      ]
    },
    {
      "mode": "managed",
      "type": "vkcs_networking_subnet",
      "name": "webinar-vpn-subnet",
      "provider": "provider[\"registry.terraform.io/vk-cs/vkcs\"]",
      "instances": [
        {
          "schema_version": 0,
          "attributes": {
            "all_tags": [],
            "allocation_pool": [
              {
                "end": "10.20.0.254",
                "start": "10.20.0.2"
              }
            ],
            "cidr": "10.20.0.0/24",
            "description": "",
            "dns_nameservers": [],
            "enable_dhcp": true,
            "gateway_ip": "10.20.0.1",
            "id": "2fb48f63-2c0a-4dd8-94e7-b13be0d30f35",
            "name": "webinar-vpn-subnet",
            "network_id": "94fb3751-0edc-4dd8-a83c-a0404cd521e0",
            "no_gateway": false,
            "prefix_length": null,
            "region": "RegionOne",
            "sdn": "neutron",
            "subnetpool_id": "",
            "tags": [],
            "timeouts": null,
            "value_specs": null
          },
          "sensitive_attributes": [],
          "private": "eyJlMmJmYjczMC1lY2FhLTExZTYtOGY4OC0zNDM2M2JjN2M0YzAiOnsiY3JlYXRlIjo2MDAwMDAwMDAwMDAsImRlbGV0ZSI6NjAwMDAwMDAwMDAwfX0=",
          "dependencies": [
            "vkcs_networking_network.webinar-vpn-network"
          ]
        }
      ]
    },
    {
      "mode": "managed",
      "type": "vkcs_vpnaas_endpoint_group",
      "name": "webinar-local-endpoint-group",
      "provider": "provider[\"registry.terraform.io/vk-cs/vkcs\"]",
      "instances": [
        {
          "schema_version": 0,
          "attributes": {
            "description": "",
            "endpoints": [
              "2fb48f63-2c0a-4dd8-94e7-b13be0d30f35"
            ],
            "id": "c7cd9424-f0c3-4222-bc16-82853b57888d",
            "name": "webinar-local-endpoint-group",
            "region": "RegionOne",
            "sdn": "neutron",
            "timeouts": null,
            "type": "subnet"
          },
          "sensitive_attributes": [],
          "private": "eyJlMmJmYjczMC1lY2FhLTExZTYtOGY4OC0zNDM2M2JjN2M0YzAiOnsiY3JlYXRlIjo2MDAwMDAwMDAwMDAsImRlbGV0ZSI6NjAwMDAwMDAwMDAwLCJ1cGRhdGUiOjYwMDAwMDAwMDAwMH19",
          "dependencies": [
            "vkcs_networking_network.webinar-vpn-network",
            "vkcs_networking_subnet.webinar-vpn-subnet"
          ]
        }
      ]
    },
    {
      "mode": "managed",
      "type": "vkcs_vpnaas_endpoint_group",
      "name": "webinar-remote-endpoint-group",
      "provider": "provider[\"registry.terraform.io/vk-cs/vkcs\"]",
      "instances": [
        {
          "schema_version": 0,
          "attributes": {
            "description": "",
            "endpoints": [
              "10.10.0.0/24"
            ],
            "id": "54727938-d883-449f-9c00-f517e9e18513",
            "name": "webinar-remote-endpoint-group",
            "region": "RegionOne",
            "sdn": "neutron",
            "timeouts": null,
            "type": "cidr"
          },
          "sensitive_attributes": [],
          "private": "eyJlMmJmYjczMC1lY2FhLTExZTYtOGY4OC0zNDM2M2JjN2M0YzAiOnsiY3JlYXRlIjo2MDAwMDAwMDAwMDAsImRlbGV0ZSI6NjAwMDAwMDAwMDAwLCJ1cGRhdGUiOjYwMDAwMDAwMDAwMH19"
        }
      ]
    },
    {
      "mode": "managed",
      "type": "vkcs_vpnaas_ike_policy",
      "name": "webinar-ike-policy",
      "provider": "provider[\"registry.terraform.io/vk-cs/vkcs\"]",
      "instances": [
        {
          "schema_version": 0,
          "attributes": {
            "auth_algorithm": "sha256",
            "description": "Policy that restricts remote working users to connect to our data ceneter over VPN",
            "encryption_algorithm": "aes-256",
            "id": "f6a333a9-b7df-43af-af55-3cc2f72e2f9a",
            "ike_version": "v2",
            "lifetime": [
              {
                "units": "seconds",
                "value": 14400
              }
            ],
            "name": "webinar-ike-policy",
            "pfs": "group14",
            "phase1_negotiation_mode": "main",
            "region": "RegionOne",
            "sdn": "neutron",
            "timeouts": null
          },
          "sensitive_attributes": [],
          "private": "eyJlMmJmYjczMC1lY2FhLTExZTYtOGY4OC0zNDM2M2JjN2M0YzAiOnsiY3JlYXRlIjo2MDAwMDAwMDAwMDB9fQ=="
        }
      ]
    },
    {
      "mode": "managed",
      "type": "vkcs_vpnaas_ipsec_policy",
      "name": "webinar-ipsec-policy",
      "provider": "provider[\"registry.terraform.io/vk-cs/vkcs\"]",
      "instances": [
        {
          "schema_version": 0,
          "attributes": {
            "auth_algorithm": "sha256",
            "description": "Policy that restricts remote working users to connect to our data ceneter over VPN",
            "encapsulation_mode": "tunnel",
            "encryption_algorithm": "aes-256",
            "id": "b5feac24-7bbd-4422-8a51-ec2570f3d249",
            "lifetime": [
              {
                "units": "seconds",
                "value": 7200
              }
            ],
            "name": "webinar-ipsec-policy",
            "pfs": "group14",
            "region": "RegionOne",
            "sdn": "neutron",
            "timeouts": null,
            "transform_protocol": "esp"
          },
          "sensitive_attributes": [],
          "private": "eyJlMmJmYjczMC1lY2FhLTExZTYtOGY4OC0zNDM2M2JjN2M0YzAiOnsiY3JlYXRlIjo2MDAwMDAwMDAwMDB9fQ=="
        }
      ]
    },
    {
      "mode": "managed",
      "type": "vkcs_vpnaas_service",
      "name": "webinar-vpn-service",
      "provider": "provider[\"registry.terraform.io/vk-cs/vkcs\"]",
      "instances": [
        {
          "schema_version": 0,
          "attributes": {
            "admin_state_up": true,
            "description": "",
            "external_v4_ip": "89.208.222.194",
            "external_v6_ip": "",
            "id": "3d2ae775-7510-4443-aeb8-4be9c4627543",
            "name": "webinar-vpn-service",
            "region": "RegionOne",
            "router_id": "060ab132-78bf-4589-a9f3-c6e8d54f351b",
            "sdn": "neutron",
            "status": "ACTIVE",
            "subnet_id": "",
            "timeouts": null
          },
          "sensitive_attributes": [],
          "private": "eyJlMmJmYjczMC1lY2FhLTExZTYtOGY4OC0zNDM2M2JjN2M0YzAiOnsiY3JlYXRlIjo2MDAwMDAwMDAwMDAsImRlbGV0ZSI6NjAwMDAwMDAwMDAwLCJ1cGRhdGUiOjYwMDAwMDAwMDAwMH19",
          "dependencies": [
            "data.vkcs_networking_network.extnet",
            "vkcs_networking_router.webinar-router"
          ]
        }
      ]
    },
    {
      "mode": "managed",
      "type": "vkcs_vpnaas_site_connection",
      "name": "webinar-ipsec-to-arch",
      "provider": "provider[\"registry.terraform.io/vk-cs/vkcs\"]",
      "instances": [
        {
          "schema_version": 0,
          "attributes": {
            "admin_state_up": true,
            "description": "",
            "dpd": [
              {
                "action": "hold",
                "interval": 30,
                "timeout": 120
              }
            ],
            "id": "961685f9-755c-4fda-9521-da02ea341c3c",
            "ikepolicy_id": "f6a333a9-b7df-43af-af55-3cc2f72e2f9a",
            "initiator": "bi-directional",
            "ipsecpolicy_id": "b5feac24-7bbd-4422-8a51-ec2570f3d249",
            "local_ep_group_id": "c7cd9424-f0c3-4222-bc16-82853b57888d",
            "local_id": "",
            "mtu": 1500,
            "name": "webinar-ipsec-to-arch",
            "peer_address": "89.208.221.86",
            "peer_cidrs": [],
            "peer_ep_group_id": "54727938-d883-449f-9c00-f517e9e18513",
            "peer_id": "89.208.221.86",
            "psk": "e98d^5nU8Nh0j0L6",
            "region": null,
            "sdn": "neutron",
            "timeouts": null,
            "traffic_selector_ep_merge": null,
            "vpnservice_id": "3d2ae775-7510-4443-aeb8-4be9c4627543"
          },
          "sensitive_attributes": [],
          "private": "eyJlMmJmYjczMC1lY2FhLTExZTYtOGY4OC0zNDM2M2JjN2M0YzAiOnsiY3JlYXRlIjo2MDAwMDAwMDAwMDAsImRlbGV0ZSI6NjAwMDAwMDAwMDAwLCJ1cGRhdGUiOjYwMDAwMDAwMDAwMH19",
          "dependencies": [
            "data.vkcs_networking_network.extnet",
            "vkcs_networking_network.webinar-vpn-network",
            "vkcs_networking_router.webinar-router",
            "vkcs_networking_router_interface.webinar-vpnnet-router-interface",
            "vkcs_networking_subnet.webinar-vpn-subnet",
            "vkcs_vpnaas_endpoint_group.webinar-local-endpoint-group",
            "vkcs_vpnaas_endpoint_group.webinar-remote-endpoint-group",
            "vkcs_vpnaas_ike_policy.webinar-ike-policy",
            "vkcs_vpnaas_ipsec_policy.webinar-ipsec-policy",
            "vkcs_vpnaas_service.webinar-vpn-service"
          ]
        }
      ]
    }
  ],
  "check_results": null
}
